
Microsoft Visual Studio Solution File, Format Version 12.00
# Visual Studio Version 17
VisualStudioVersion = 17.8.34408.163
MinimumVisualStudioVersion = 10.0.40219.1
Project("{FAE04EC0-301F-11D3-BF4B-00C04F79EFBC}") = "Scrapper-SWAPI", "Scrapper-SWAPI\Scrapper-SWAPI.csproj", "{AE0D9FF6-8703-4D3E-970D-65B03C81A9DB}"
EndProject
Global
	GlobalSection(SolutionConfigurationPlatforms) = preSolution
		Debug|Any CPU = Debug|Any CPU
		Release|Any CPU = Release|Any CPU
	EndGlobalSection
	GlobalSection(ProjectConfigurationPlatforms) = postSolution
		{AE0D9FF6-8703-4D3E-970D-65B03C81A9DB}.Debug|Any CPU.ActiveCfg = Debug|Any CPU
		{AE0D9FF6-8703-4D3E-970D-65B03C81A9DB}.Debug|Any CPU.Build.0 = Debug|Any CPU
		{AE0D9FF6-8703-4D3E-970D-65B03C81A9DB}.Release|Any CPU.ActiveCfg = Release|Any CPU
		{AE0D9FF6-8703-4D3E-970D-65B03C81A9DB}.Release|Any CPU.Build.0 = Release|Any CPU
	EndGlobalSection
	GlobalSection(SolutionProperties) = preSolution
		HideSolutionNode = FALSE
	EndGlobalSection
	GlobalSection(ExtensibilityGlobals) = postSolution
		SolutionGuid = {AAF66593-1F18-4C7D-A219-FA1F97CDC4E2}
	EndGlobalSection
EndGlobal
